
Microsoft Visual Studio Solution File, Format Version 11.00
# Visual Studio 2010
Project("{FAE04EC0-301F-11D3-BF4B-00C04F79EFBC}") = "Assembly-CSharp-firstpass", "Assembly-CSharp-firstpass.csproj", "{49E16151-AE7F-2165-F163-10776C9D8759}"
EndProject
Project("{FAE04EC0-301F-11D3-BF4B-00C04F79EFBC}") = "Assembly-CSharp", "Assembly-CSharp.csproj", "{D7148622-68A9-0FE9-D242-09B49B25F0A5}"
EndProject
Project("{FAE04EC0-301F-11D3-BF4B-00C04F79EFBC}") = "PhotonUnityNetworking.Utilities", "PhotonUnityNetworking.Utilities.csproj", "{F62D1F50-17E9-CDA3-A4D9-0D6769B1CBA9}"
EndProject
Project("{FAE04EC0-301F-11D3-BF4B-00C04F79EFBC}") = "PhotonChat", "PhotonChat.csproj", "{7A9333A4-DACE-9A4C-1914-2642DCF253DD}"
EndProject
Project("{FAE04EC0-301F-11D3-BF4B-00C04F79EFBC}") = "PhotonUnityNetworking", "PhotonUnityNetworking.csproj", "{653C7765-2012-9260-D7AC-8990AC495E68}"
EndProject
Project("{FAE04EC0-301F-11D3-BF4B-00C04F79EFBC}") = "PhotonRealtime", "PhotonRealtime.csproj", "{FEC5778F-802C-F01B-5A1F-ACD276B2525E}"
EndProject
Project("{FAE04EC0-301F-11D3-BF4B-00C04F79EFBC}") = "PhotonWebSocket", "PhotonWebSocket.csproj", "{05D8BF6B-1111-FBF1-1D19-AE4D9D470F38}"
EndProject
Project("{FAE04EC0-301F-11D3-BF4B-00C04F79EFBC}") = "Assembly-CSharp-Editor-firstpass", "Assembly-CSharp-Editor-firstpass.csproj", "{A7C04383-80A3-953B-69CB-3A60E88FE183}"
EndProject
Project("{FAE04EC0-301F-11D3-BF4B-00C04F79EFBC}") = "PhotonUnityNetworking.Editor", "PhotonUnityNetworking.Editor.csproj", "{513173CD-C172-281A-9070-243A33281451}"
EndProject
Project("{FAE04EC0-301F-11D3-BF4B-00C04F79EFBC}") = "Assembly-CSharp-Editor", "Assembly-CSharp-Editor.csproj", "{01C09AA5-BB7B-365B-06CD-966449FB4966}"
EndProject
Project("{FAE04EC0-301F-11D3-BF4B-00C04F79EFBC}") = "PhotonUnityNetworking.Utilities.PhotonPlayer.Editor", "PhotonUnityNetworking.Utilities.PhotonPlayer.Editor.csproj", "{BFDF7D97-0B66-E8DD-7E97-DE51E6609F7C}"
EndProject
Project("{FAE04EC0-301F-11D3-BF4B-00C04F79EFBC}") = "PhotonUnityNetworking.Utilities.Culling.Editor", "PhotonUnityNetworking.Utilities.Culling.Editor.csproj", "{25491BB1-D4EF-EAD7-60DD-5AD57A0D4557}"
EndProject
Global
	GlobalSection(SolutionConfigurationPlatforms) = preSolution
		Debug|Any CPU = Debug|Any CPU
		Release|Any CPU = Release|Any CPU
	EndGlobalSection
	GlobalSection(ProjectConfigurationPlatforms) = postSolution
		{49E16151-AE7F-2165-F163-10776C9D8759}.Debug|Any CPU.ActiveCfg = Debug|Any CPU
		{49E16151-AE7F-2165-F163-10776C9D8759}.Debug|Any CPU.Build.0 = Debug|Any CPU
		{49E16151-AE7F-2165-F163-10776C9D8759}.Release|Any CPU.ActiveCfg = Release|Any CPU
		{49E16151-AE7F-2165-F163-10776C9D8759}.Release|Any CPU.Build.0 = Release|Any CPU
		{D7148622-68A9-0FE9-D242-09B49B25F0A5}.Debug|Any CPU.ActiveCfg = Debug|Any CPU
		{D7148622-68A9-0FE9-D242-09B49B25F0A5}.Debug|Any CPU.Build.0 = Debug|Any CPU
		{D7148622-68A9-0FE9-D242-09B49B25F0A5}.Release|Any CPU.ActiveCfg = Release|Any CPU
		{D7148622-68A9-0FE9-D242-09B49B25F0A5}.Release|Any CPU.Build.0 = Release|Any CPU
		{F62D1F50-17E9-CDA3-A4D9-0D6769B1CBA9}.Debug|Any CPU.ActiveCfg = Debug|Any CPU
		{F62D1F50-17E9-CDA3-A4D9-0D6769B1CBA9}.Debug|Any CPU.Build.0 = Debug|Any CPU
		{F62D1F50-17E9-CDA3-A4D9-0D6769B1CBA9}.Release|Any CPU.ActiveCfg = Release|Any CPU
		{F62D1F50-17E9-CDA3-A4D9-0D6769B1CBA9}.Release|Any CPU.Build.0 = Release|Any CPU
		{7A9333A4-DACE-9A4C-1914-2642DCF253DD}.Debug|Any CPU.ActiveCfg = Debug|Any CPU
		{7A9333A4-DACE-9A4C-1914-2642DCF253DD}.Debug|Any CPU.Build.0 = Debug|Any CPU
		{7A9333A4-DACE-9A4C-1914-2642DCF253DD}.Release|Any CPU.ActiveCfg = Release|Any CPU
		{7A9333A4-DACE-9A4C-1914-2642DCF253DD}.Release|Any CPU.Build.0 = Release|Any CPU
		{653C7765-2012-9260-D7AC-8990AC495E68}.Debug|Any CPU.ActiveCfg = Debug|Any CPU
		{653C7765-2012-9260-D7AC-8990AC495E68}.Debug|Any CPU.Build.0 = Debug|Any CPU
		{653C7765-2012-9260-D7AC-8990AC495E68}.Release|Any CPU.ActiveCfg = Release|Any CPU
		{653C7765-2012-9260-D7AC-8990AC495E68}.Release|Any CPU.Build.0 = Release|Any CPU
		{FEC5778F-802C-F01B-5A1F-ACD276B2525E}.Debug|Any CPU.ActiveCfg = Debug|Any CPU
		{FEC5778F-802C-F01B-5A1F-ACD276B2525E}.Debug|Any CPU.Build.0 = Debug|Any CPU
		{FEC5778F-802C-F01B-5A1F-ACD276B2525E}.Release|Any CPU.ActiveCfg = Release|Any CPU
		{FEC5778F-802C-F01B-5A1F-ACD276B2525E}.Release|Any CPU.Build.0 = Release|Any CPU
		{05D8BF6B-1111-FBF1-1D19-AE4D9D470F38}.Debug|Any CPU.ActiveCfg = Debug|Any CPU
		{05D8BF6B-1111-FBF1-1D19-AE4D9D470F38}.Debug|Any CPU.Build.0 = Debug|Any CPU
		{05D8BF6B-1111-FBF1-1D19-AE4D9D470F38}.Release|Any CPU.ActiveCfg = Release|Any CPU
		{05D8BF6B-1111-FBF1-1D19-AE4D9D470F38}.Release|Any CPU.Build.0 = Release|Any CPU
		{A7C04383-80A3-953B-69CB-3A60E88FE183}.Debug|Any CPU.ActiveCfg = Debug|Any CPU
		{A7C04383-80A3-953B-69CB-3A60E88FE183}.Debug|Any CPU.Build.0 = Debug|Any CPU
		{A7C04383-80A3-953B-69CB-3A60E88FE183}.Release|Any CPU.ActiveCfg = Release|Any CPU
		{A7C04383-80A3-953B-69CB-3A60E88FE183}.Release|Any CPU.Build.0 = Release|Any CPU
		{513173CD-C172-281A-9070-243A33281451}.Debug|Any CPU.ActiveCfg = Debug|Any CPU
		{513173CD-C172-281A-9070-243A33281451}.Debug|Any CPU.Build.0 = Debug|Any CPU
		{513173CD-C172-281A-9070-243A33281451}.Release|Any CPU.ActiveCfg = Release|Any CPU
		{513173CD-C172-281A-9070-243A33281451}.Release|Any CPU.Build.0 = Release|Any CPU
		{01C09AA5-BB7B-365B-06CD-966449FB4966}.Debug|Any CPU.ActiveCfg = Debug|Any CPU
		{01C09AA5-BB7B-365B-06CD-966449FB4966}.Debug|Any CPU.Build.0 = Debug|Any CPU
		{01C09AA5-BB7B-365B-06CD-966449FB4966}.Release|Any CPU.ActiveCfg = Release|Any CPU
		{01C09AA5-BB7B-365B-06CD-966449FB4966}.Release|Any CPU.Build.0 = Release|Any CPU
		{BFDF7D97-0B66-E8DD-7E97-DE51E6609F7C}.Debug|Any CPU.ActiveCfg = Debug|Any CPU
		{BFDF7D97-0B66-E8DD-7E97-DE51E6609F7C}.Debug|Any CPU.Build.0 = Debug|Any CPU
		{BFDF7D97-0B66-E8DD-7E97-DE51E6609F7C}.Release|Any CPU.ActiveCfg = Release|Any CPU
		{BFDF7D97-0B66-E8DD-7E97-DE51E6609F7C}.Release|Any CPU.Build.0 = Release|Any CPU
		{25491BB1-D4EF-EAD7-60DD-5AD57A0D4557}.Debug|Any CPU.ActiveCfg = Debug|Any CPU
		{25491BB1-D4EF-EAD7-60DD-5AD57A0D4557}.Debug|Any CPU.Build.0 = Debug|Any CPU
		{25491BB1-D4EF-EAD7-60DD-5AD57A0D4557}.Release|Any CPU.ActiveCfg = Release|Any CPU
		{25491BB1-D4EF-EAD7-60DD-5AD57A0D4557}.Release|Any CPU.Build.0 = Release|Any CPU
	EndGlobalSection
	GlobalSection(SolutionProperties) = preSolution
		HideSolutionNode = FALSE
	EndGlobalSection
	GlobalSection(MonoDevelopProperties) = preSolution
		StartupItem = Assembly-CSharp.csproj
	EndGlobalSection
EndGlobal
