
Microsoft Visual Studio Solution File, Format Version 11.00
# Visual Studio 2010
Project("{FAE04EC0-301F-11D3-BF4B-00C04F79EFBC}") = "Assembly-CSharp", "Assembly-CSharp.csproj", "{BD9F694C-E89F-842B-E7A0-A3BF14DC6B4D}"
EndProject
Project("{FAE04EC0-301F-11D3-BF4B-00C04F79EFBC}") = "Assembly-CSharp-firstpass", "Assembly-CSharp-firstpass.csproj", "{CC17F63F-335C-E5BC-CEC7-267ED0FA563F}"
EndProject
Project("{FAE04EC0-301F-11D3-BF4B-00C04F79EFBC}") = "Assembly-CSharp-Editor-firstpass", "Assembly-CSharp-Editor-firstpass.csproj", "{9BD36ECA-6AFD-81F8-1293-6BE907AD7243}"
EndProject
Global
	GlobalSection(SolutionConfigurationPlatforms) = preSolution
		Debug|Any CPU = Debug|Any CPU
		Release|Any CPU = Release|Any CPU
	EndGlobalSection
	GlobalSection(ProjectConfigurationPlatforms) = postSolution
		{BD9F694C-E89F-842B-E7A0-A3BF14DC6B4D}.Debug|Any CPU.ActiveCfg = Debug|Any CPU
		{BD9F694C-E89F-842B-E7A0-A3BF14DC6B4D}.Debug|Any CPU.Build.0 = Debug|Any CPU
		{BD9F694C-E89F-842B-E7A0-A3BF14DC6B4D}.Release|Any CPU.ActiveCfg = Release|Any CPU
		{BD9F694C-E89F-842B-E7A0-A3BF14DC6B4D}.Release|Any CPU.Build.0 = Release|Any CPU
		{CC17F63F-335C-E5BC-CEC7-267ED0FA563F}.Debug|Any CPU.ActiveCfg = Debug|Any CPU
		{CC17F63F-335C-E5BC-CEC7-267ED0FA563F}.Debug|Any CPU.Build.0 = Debug|Any CPU
		{CC17F63F-335C-E5BC-CEC7-267ED0FA563F}.Release|Any CPU.ActiveCfg = Release|Any CPU
		{CC17F63F-335C-E5BC-CEC7-267ED0FA563F}.Release|Any CPU.Build.0 = Release|Any CPU
		{9BD36ECA-6AFD-81F8-1293-6BE907AD7243}.Debug|Any CPU.ActiveCfg = Debug|Any CPU
		{9BD36ECA-6AFD-81F8-1293-6BE907AD7243}.Debug|Any CPU.Build.0 = Debug|Any CPU
		{9BD36ECA-6AFD-81F8-1293-6BE907AD7243}.Release|Any CPU.ActiveCfg = Release|Any CPU
		{9BD36ECA-6AFD-81F8-1293-6BE907AD7243}.Release|Any CPU.Build.0 = Release|Any CPU
	EndGlobalSection
	GlobalSection(SolutionProperties) = preSolution
		HideSolutionNode = FALSE
	EndGlobalSection
	GlobalSection(MonoDevelopProperties) = preSolution
		StartupItem = Assembly-CSharp.csproj
	EndGlobalSection
EndGlobal
